<?xml version="1.0" encoding="UTF-8" standalone="yes" ?>
<CodeBlocks_project_file>
	<FileVersion major="1" minor="6" />
	<Project>
		<Option title="snes9x" />
		<Option makefile_is_custom="1" />
		<Option pch_mode="2" />
		<Option compiler="gcc" />
		<Build>
			<Target title="all">
				<Option type="4" />
				<Option compiler="gcc" />
				<MakeCommands>
					<Build command="$make -f $makefile $target" />
					<CompileFile command="$make -f $makefile $file" />
					<Clean command="$make -f $makefile clean" />
					<DistClean command="$make -f $makefile distclean$target" />
					<AskRebuildNeeded command="$make -q -f $makefile $target" />
					<SilentBuild command="$make -s -f $makefile $target" />
				</MakeCommands>
			</Target>
			<Target title="install">
				<Option type="4" />
				<Option compiler="gcc" />
				<MakeCommands>
					<Build command="$make -f $makefile $target" />
					<CompileFile command="$make -f $makefile $file" />
					<Clean command="$make -f $makefile clean" />
					<DistClean command="$make -f $makefile distclean$target" />
					<AskRebuildNeeded command="$make -q -f $makefile $target" />
					<SilentBuild command="$make -s -f $makefile $target" />
				</MakeCommands>
			</Target>
			<Target title="clean">
				<Option type="4" />
				<Option compiler="gcc" />
				<MakeCommands>
					<Build command="$make -f $makefile $target" />
					<CompileFile command="$make -f $makefile $file" />
					<Clean command="$make -f $makefile clean" />
					<DistClean command="$make -f $makefile distclean$target" />
					<AskRebuildNeeded command="$make -q -f $makefile $target" />
					<SilentBuild command="$make -s -f $makefile $target" />
				</MakeCommands>
			</Target>
		</Build>
		<Compiler>
			<Add option="-Wall" />
		</Compiler>
		<Unit filename="../65c816.h" />
		<Unit filename="../apu/SNES_SPC.cpp" />
		<Unit filename="../apu/SNES_SPC.h" />
		<Unit filename="../apu/SNES_SPC_misc.cpp" />
		<Unit filename="../apu/SNES_SPC_state.cpp" />
		<Unit filename="../apu/SPC_CPU.h" />
		<Unit filename="../apu/SPC_DSP.cpp" />
		<Unit filename="../apu/SPC_DSP.h" />
		<Unit filename="../apu/SPC_Filter.cpp" />
		<Unit filename="../apu/SPC_Filter.h" />
		<Unit filename="../apu/apu.cpp" />
		<Unit filename="../apu/apu.h" />
		<Unit filename="../apu/blargg_common.h" />
		<Unit filename="../apu/blargg_config.h" />
		<Unit filename="../apu/blargg_endian.h" />
		<Unit filename="../apu/blargg_source.h" />
		<Unit filename="../apu/hermite_resampler.h" />
		<Unit filename="../apu/license.txt" />
		<Unit filename="../apu/linear_resampler.h" />
		<Unit filename="../apu/resampler.h" />
		<Unit filename="../apu/ring_buffer.h" />
		<Unit filename="../bsx.cpp" />
		<Unit filename="../bsx.h" />
		<Unit filename="../c4.cpp" />
		<Unit filename="../c4.h" />
		<Unit filename="../c4emu.cpp" />
		<Unit filename="../cheats.cpp" />
		<Unit filename="../cheats.h" />
		<Unit filename="../cheats2.cpp" />
		<Unit filename="../clip.cpp" />
		<Unit filename="../conffile.cpp" />
		<Unit filename="../conffile.h" />
		<Unit filename="../controls.cpp" />
		<Unit filename="../controls.h" />
		<Unit filename="../cpu.cpp" />
		<Unit filename="../cpuaddr.h" />
		<Unit filename="../cpuexec.cpp" />
		<Unit filename="../cpuexec.h" />
		<Unit filename="../cpumacro.h" />
		<Unit filename="../cpuops.cpp" />
		<Unit filename="../cpuops.h" />
		<Unit filename="../crosshairs.cpp" />
		<Unit filename="../crosshairs.h" />
		<Unit filename="../debug.cpp" />
		<Unit filename="../debug.h" />
		<Unit filename="../display.h" />
		<Unit filename="../dma.cpp" />
		<Unit filename="../dma.h" />
		<Unit filename="../docs/changes.txt" />
		<Unit filename="../docs/control-inputs.txt" />
		<Unit filename="../docs/controls.txt" />
		<Unit filename="../docs/gpl-2.0.txt" />
		<Unit filename="../docs/lgpl-2.1.txt" />
		<Unit filename="../docs/porting.html" />
		<Unit filename="../docs/snapshots.txt" />
		<Unit filename="../docs/snes9x-license.txt" />
		<Unit filename="../docs/snes9x.conf.default" />
		<Unit filename="../dsp.cpp" />
		<Unit filename="../dsp.h" />
		<Unit filename="../dsp1.cpp" />
		<Unit filename="../dsp2.cpp" />
		<Unit filename="../dsp3.cpp" />
		<Unit filename="../dsp4.cpp" />
		<Unit filename="../filter/2xsai.cpp" />
		<Unit filename="../filter/2xsai.h" />
		<Unit filename="../filter/blit.cpp" />
		<Unit filename="../filter/blit.h" />
		<Unit filename="../filter/epx.cpp" />
		<Unit filename="../filter/epx.h" />
		<Unit filename="../filter/hq2x.cpp" />
		<Unit filename="../filter/hq2x.h" />
		<Unit filename="../filter/snes_ntsc.c">
			<Option compilerVar="CC" />
		</Unit>
		<Unit filename="../filter/snes_ntsc.h" />
		<Unit filename="../filter/snes_ntsc_config.h" />
		<Unit filename="../filter/snes_ntsc_impl.h" />
		<Unit filename="../font.h" />
		<Unit filename="../fxdbg.cpp" />
		<Unit filename="../fxemu.cpp" />
		<Unit filename="../fxemu.h" />
		<Unit filename="../fxinst.cpp" />
		<Unit filename="../fxinst.h" />
		<Unit filename="../getset.h" />
		<Unit filename="../gfx.cpp" />
		<Unit filename="../gfx.h" />
		<Unit filename="../globals.cpp" />
		<Unit filename="../gtk/AUTHORS" />
		<Unit filename="../gtk/Makefile.am" />
		<Unit filename="../gtk/autogen.sh" />
		<Unit filename="../gtk/configure.ac" />
		<Unit filename="../gtk/data/Makefile.am" />
		<Unit filename="../gtk/data/snes9x.desktop" />
		<Unit filename="../gtk/data/snes9x.svg" />
		<Unit filename="../gtk/data/snes9x_16x16.png" />
		<Unit filename="../gtk/data/snes9x_24x24.png" />
		<Unit filename="../gtk/data/snes9x_32x32.png" />
		<Unit filename="../gtk/doc/LICENSE" />
		<Unit filename="../gtk/doc/README" />
		<Unit filename="../gtk/doc/lgpl.txt" />
		<Unit filename="../gtk/po/LINGUAS" />
		<Unit filename="../gtk/po/POTFILES.in" />
		<Unit filename="../gtk/po/es_VE.po" />
		<Unit filename="../gtk/po/fr_FR.po" />
		<Unit filename="../gtk/po/pt_BR.po" />
		<Unit filename="../gtk/po/sr@latin.po" />
		<Unit filename="../gtk/src/filter_epx_unsafe.cpp" />
		<Unit filename="../gtk/src/filter_epx_unsafe.h" />
		<Unit filename="../gtk/src/gtk_binding.cpp" />
		<Unit filename="../gtk/src/gtk_binding.h" />
		<Unit filename="../gtk/src/gtk_builder_window.cpp" />
		<Unit filename="../gtk/src/gtk_builder_window.h" />
		<Unit filename="../gtk/src/gtk_cheat.cpp" />
		<Unit filename="../gtk/src/gtk_cheat.h" />
		<Unit filename="../gtk/src/gtk_config.cpp" />
		<Unit filename="../gtk/src/gtk_config.h" />
		<Unit filename="../gtk/src/gtk_control.cpp" />
		<Unit filename="../gtk/src/gtk_control.h" />
		<Unit filename="../gtk/src/gtk_display.cpp" />
		<Unit filename="../gtk/src/gtk_display.h" />
		<Unit filename="../gtk/src/gtk_display_driver.h" />
		<Unit filename="../gtk/src/gtk_display_driver_gtk.cpp" />
		<Unit filename="../gtk/src/gtk_display_driver_gtk.h" />
		<Unit filename="../gtk/src/gtk_display_driver_opengl.cpp" />
		<Unit filename="../gtk/src/gtk_display_driver_opengl.h" />
		<Unit filename="../gtk/src/gtk_display_driver_xv.cpp" />
		<Unit filename="../gtk/src/gtk_display_driver_xv.h" />
		<Unit filename="../gtk/src/gtk_file.cpp" />
		<Unit filename="../gtk/src/gtk_file.h" />
		<Unit filename="../gtk/src/gtk_icon.h" />
		<Unit filename="../gtk/src/gtk_netplay.cpp" />
		<Unit filename="../gtk/src/gtk_netplay.h" />
		<Unit filename="../gtk/src/gtk_netplay_dialog.cpp" />
		<Unit filename="../gtk/src/gtk_netplay_dialog.h" />
		<Unit filename="../gtk/src/gtk_preferences.cpp" />
		<Unit filename="../gtk/src/gtk_preferences.h" />
		<Unit filename="../gtk/src/gtk_s9x.cpp" />
		<Unit filename="../gtk/src/gtk_s9x.h" />
		<Unit filename="../gtk/src/gtk_s9xcore.h" />
		<Unit filename="../gtk/src/gtk_s9xwindow.cpp" />
		<Unit filename="../gtk/src/gtk_s9xwindow.h" />
		<Unit filename="../gtk/src/gtk_sound.cpp" />
		<Unit filename="../gtk/src/gtk_sound.h" />
		<Unit filename="../gtk/src/gtk_sound_driver.h" />
		<Unit filename="../gtk/src/gtk_sound_driver_alsa.cpp" />
		<Unit filename="../gtk/src/gtk_sound_driver_alsa.h" />
		<Unit filename="../gtk/src/gtk_sound_driver_oss.cpp" />
		<Unit filename="../gtk/src/gtk_sound_driver_oss.h" />
		<Unit filename="../gtk/src/gtk_sound_driver_portaudio.cpp" />
		<Unit filename="../gtk/src/gtk_sound_driver_portaudio.h" />
		<Unit filename="../gtk/src/gtk_sound_driver_pulse.cpp" />
		<Unit filename="../gtk/src/gtk_sound_driver_pulse.h" />
		<Unit filename="../gtk/src/gtk_sound_driver_sdl.cpp" />
		<Unit filename="../gtk/src/gtk_sound_driver_sdl.h" />
		<Unit filename="../gtk/src/gtk_splash.h" />
		<Unit filename="../gtk/src/mini_icon.png" />
		<Unit filename="../gtk/src/snes9x.ui" />
		<Unit filename="../gtk/src/snes_ntsc.c">
			<Option compilerVar="CC" />
		</Unit>
		<Unit filename="../gtk/src/snes_ntsc.h" />
		<Unit filename="../gtk/src/snes_ntsc_config.h" />
		<Unit filename="../gtk/src/snes_ntsc_impl.h" />
		<Unit filename="../gtk/src/sourcify.c">
			<Option compilerVar="CC" />
		</Unit>
		<Unit filename="../gtk/src/splash.png" />
		<Unit filename="../i386/c4.asm" />
		<Unit filename="../i386/fxemu2.asm" />
		<Unit filename="../i386/fxemu2.mac" />
		<Unit filename="../i386/fxemu2b.asm" />
		<Unit filename="../i386/fxemu2b.mac" />
		<Unit filename="../i386/fxemu2c.asm" />
		<Unit filename="../i386/fxemu2c.mac" />
		<Unit filename="../i386/fxtable.asm" />
		<Unit filename="../i386/macros.mac" />
		<Unit filename="../i386/regs.mac" />
		<Unit filename="../i386/regsw.mac" />
		<Unit filename="../i386/sfxproc.asm" />
		<Unit filename="../i386/zsnes.asm" />
		<Unit filename="../i386/zsnesc4.asm" />
		<Unit filename="../jma/7z.h" />
		<Unit filename="../jma/7zlzma.cpp" />
		<Unit filename="../jma/aribitcd.h" />
		<Unit filename="../jma/ariconst.h" />
		<Unit filename="../jma/ariprice.h" />
		<Unit filename="../jma/btreecd.h" />
		<Unit filename="../jma/crc32.cpp" />
		<Unit filename="../jma/crc32.h" />
		<Unit filename="../jma/iiostrm.cpp" />
		<Unit filename="../jma/iiostrm.h" />
		<Unit filename="../jma/inbyte.cpp" />
		<Unit filename="../jma/inbyte.h" />
		<Unit filename="../jma/jma.cpp" />
		<Unit filename="../jma/jma.h" />
		<Unit filename="../jma/lencoder.h" />
		<Unit filename="../jma/license.txt" />
		<Unit filename="../jma/litcoder.h" />
		<Unit filename="../jma/lzma.cpp" />
		<Unit filename="../jma/lzma.h" />
		<Unit filename="../jma/lzmadec.cpp" />
		<Unit filename="../jma/lzmadec.h" />
		<Unit filename="../jma/portable.h" />
		<Unit filename="../jma/rcdefs.h" />
		<Unit filename="../jma/rngcoder.h" />
		<Unit filename="../jma/s9x-jma.cpp" />
		<Unit filename="../jma/s9x-jma.h" />
		<Unit filename="../jma/winout.cpp" />
		<Unit filename="../jma/winout.h" />
		<Unit filename="../language.h" />
		<Unit filename="../loadzip.cpp" />
		<Unit filename="../logger.cpp" />
		<Unit filename="../logger.h" />
		<Unit filename="../macosx/APPL.icns" />
		<Unit filename="../macosx/CART.icns" />
		<Unit filename="../macosx/English.lproj/InfoPlist.strings" />
		<Unit filename="../macosx/English.lproj/Localizable.strings" />
		<Unit filename="../macosx/English.lproj/Snes9x Help/Snes9x Help.helpindex" />
		<Unit filename="../macosx/English.lproj/Snes9x Help/gfx/s9xic128.png" />
		<Unit filename="../macosx/English.lproj/Snes9x Help/gfx/s9xic16.png" />
		<Unit filename="../macosx/English.lproj/Snes9x Help/index.html" />
		<Unit filename="../macosx/English.lproj/Snes9x Help/pgs/01.html" />
		<Unit filename="../macosx/English.lproj/Snes9x Help/pgs/02.html" />
		<Unit filename="../macosx/English.lproj/Snes9x Help/pgs/03.html" />
		<Unit filename="../macosx/English.lproj/Snes9x Help/pgs/04.html" />
		<Unit filename="../macosx/English.lproj/Snes9x Help/pgs/05.html" />
		<Unit filename="../macosx/English.lproj/Snes9x Help/pgs/06.html" />
		<Unit filename="../macosx/English.lproj/Snes9x Help/pgs/07.html" />
		<Unit filename="../macosx/English.lproj/Snes9x Help/pgs/08.html" />
		<Unit filename="../macosx/English.lproj/Snes9x Help/pgs/09.html" />
		<Unit filename="../macosx/English.lproj/Snes9x Help/pgs/10.html" />
		<Unit filename="../macosx/English.lproj/Snes9x Help/pgs/11.html" />
		<Unit filename="../macosx/English.lproj/Snes9x Help/pgs/12.html" />
		<Unit filename="../macosx/English.lproj/Snes9x Help/pgs/13.html" />
		<Unit filename="../macosx/English.lproj/Snes9x Help/pgs/14.html" />
		<Unit filename="../macosx/English.lproj/Snes9x Help/pgs/15.html" />
		<Unit filename="../macosx/English.lproj/Snes9x Help/sty/style.css" />
		<Unit filename="../macosx/English.lproj/Snes9x Help/sty/top.css" />
		<Unit filename="../macosx/English.lproj/Snes9x.nib/classes.nib" />
		<Unit filename="../macosx/English.lproj/Snes9x.nib/info.nib" />
		<Unit filename="../macosx/English.lproj/Snes9x.nib/objects.xib" />
		<Unit filename="../macosx/HID_Utilities_External.h" />
		<Unit filename="../macosx/Info-Snes9x.plist" />
		<Unit filename="../macosx/Info-Snes9x_x86.plist" />
		<Unit filename="../macosx/Info-Snes9x_x86_Snow-Leopard.plist" />
		<Unit filename="../macosx/Info.plist" />
		<Unit filename="../macosx/Info_i386.plist" />
		<Unit filename="../macosx/Info_ppc.plist" />
		<Unit filename="../macosx/SAVE.icns" />
		<Unit filename="../macosx/SRAM.icns" />
		<Unit filename="../macosx/docs/Change Log.rtf" />
		<Unit filename="../macosx/docs/FAQ.rtf" />
		<Unit filename="../macosx/folder_Freezes.icns" />
		<Unit filename="../macosx/folder_SRAMs.icns" />
		<Unit filename="../macosx/freeze_defrost.aiff" />
		<Unit filename="../macosx/icons.png" />
		<Unit filename="../macosx/libHIDUtilities_u.a" />
		<Unit filename="../macosx/libz_u.a" />
		<Unit filename="../macosx/logo_defrost.png" />
		<Unit filename="../macosx/logo_freeze.png" />
		<Unit filename="../macosx/mac-appleevent.cpp" />
		<Unit filename="../macosx/mac-appleevent.h" />
		<Unit filename="../macosx/mac-audio.cpp" />
		<Unit filename="../macosx/mac-audio.h" />
		<Unit filename="../macosx/mac-cart.cpp" />
		<Unit filename="../macosx/mac-cart.h" />
		<Unit filename="../macosx/mac-cheat.cpp" />
		<Unit filename="../macosx/mac-cheat.h" />
		<Unit filename="../macosx/mac-cheatfinder.cpp" />
		<Unit filename="../macosx/mac-cheatfinder.h" />
		<Unit filename="../macosx/mac-client.cpp" />
		<Unit filename="../macosx/mac-client.h" />
		<Unit filename="../macosx/mac-cocoatools.h" />
		<Unit filename="../macosx/mac-cocoatools.mm" />
		<Unit filename="../macosx/mac-controls.cpp" />
		<Unit filename="../macosx/mac-controls.h" />
		<Unit filename="../macosx/mac-coreimage.h" />
		<Unit filename="../macosx/mac-coreimage.mm" />
		<Unit filename="../macosx/mac-dialog.cpp" />
		<Unit filename="../macosx/mac-dialog.h" />
		<Unit filename="../macosx/mac-file.cpp" />
		<Unit filename="../macosx/mac-file.h" />
		<Unit filename="../macosx/mac-global_prefix.h" />
		<Unit filename="../macosx/mac-gworld.cpp" />
		<Unit filename="../macosx/mac-gworld.h" />
		<Unit filename="../macosx/mac-joypad.cpp" />
		<Unit filename="../macosx/mac-joypad.h" />
		<Unit filename="../macosx/mac-keyboard.cpp" />
		<Unit filename="../macosx/mac-keyboard.h" />
		<Unit filename="../macosx/mac-multicart.cpp" />
		<Unit filename="../macosx/mac-multicart.h" />
		<Unit filename="../macosx/mac-musicbox.cpp" />
		<Unit filename="../macosx/mac-musicbox.h" />
		<Unit filename="../macosx/mac-netplay.cpp" />
		<Unit filename="../macosx/mac-netplay.h" />
		<Unit filename="../macosx/mac-os.cpp" />
		<Unit filename="../macosx/mac-os.h" />
		<Unit filename="../macosx/mac-prefix.h" />
		<Unit filename="../macosx/mac-prefs.cpp" />
		<Unit filename="../macosx/mac-prefs.h" />
		<Unit filename="../macosx/mac-quicktime.cpp" />
		<Unit filename="../macosx/mac-quicktime.h" />
		<Unit filename="../macosx/mac-render.cpp" />
		<Unit filename="../macosx/mac-render.h" />
		<Unit filename="../macosx/mac-screenshot.cpp" />
		<Unit filename="../macosx/mac-screenshot.h" />
		<Unit filename="../macosx/mac-server.cpp" />
		<Unit filename="../macosx/mac-server.h" />
		<Unit filename="../macosx/mac-snes9x.cpp" />
		<Unit filename="../macosx/mac-snes9x.h" />
		<Unit filename="../macosx/mac-stringtools.cpp" />
		<Unit filename="../macosx/mac-stringtools.h" />
		<Unit filename="../macosx/musicbox_indicator.png" />
		<Unit filename="../macosx/musicbox_ledoff.icns" />
		<Unit filename="../macosx/musicbox_ledon.icns" />
		<Unit filename="../macosx/snes9x+merge.xcodeproj/project.pbxproj" />
		<Unit filename="../macosx/snes9x+merge.xcodeproj/zones.mode1v3" />
		<Unit filename="../macosx/snes9x+merge.xcodeproj/zones.pbxuser" />
		<Unit filename="../macosx/snes9x.xcodeproj/project.pbxproj" />
		<Unit filename="../memmap.cpp" />
		<Unit filename="../memmap.h" />
		<Unit filename="../messages.h" />
		<Unit filename="../missing.h" />
		<Unit filename="../movie.cpp" />
		<Unit filename="../movie.h" />
		<Unit filename="../netplay.cpp" />
		<Unit filename="../netplay.h" />
		<Unit filename="../obc1.cpp" />
		<Unit filename="../obc1.h" />
		<Unit filename="../pixform.h" />
		<Unit filename="../port.h" />
		<Unit filename="../ppu.cpp" />
		<Unit filename="../ppu.h" />
		<Unit filename="Makefile" />
		<Unit filename="Makefile.eeglobal" />
		<Unit filename="Makefile.pref" />
		<Unit filename="ps2_controls.h" />
		<Unit filename="ps2_snes9x.cpp" />
		<Unit filename="../reader.cpp" />
		<Unit filename="../reader.h" />
		<Unit filename="../sa1.cpp" />
		<Unit filename="../sa1.h" />
		<Unit filename="../sa1cpu.cpp" />
		<Unit filename="../sar.h" />
		<Unit filename="../screenshot.cpp" />
		<Unit filename="../screenshot.h" />
		<Unit filename="../sdd1.cpp" />
		<Unit filename="../sdd1.h" />
		<Unit filename="../sdd1emu.cpp" />
		<Unit filename="../sdd1emu.h" />
		<Unit filename="../server.cpp" />
		<Unit filename="../seta.cpp" />
		<Unit filename="../seta.h" />
		<Unit filename="../seta010.cpp" />
		<Unit filename="../seta011.cpp" />
		<Unit filename="../seta018.cpp" />
		<Unit filename="../snapshot.cpp" />
		<Unit filename="../snapshot.h" />
		<Unit filename="../snes9x.cpp" />
		<Unit filename="../snes9x.h" />
		<Unit filename="../spc7110.cpp" />
		<Unit filename="../spc7110.h" />
		<Unit filename="../spc7110dec.cpp" />
		<Unit filename="../spc7110dec.h" />
		<Unit filename="../spc7110emu.cpp" />
		<Unit filename="../spc7110emu.h" />
		<Unit filename="../srtc.cpp" />
		<Unit filename="../srtc.h" />
		<Unit filename="../srtcemu.cpp" />
		<Unit filename="../srtcemu.h" />
		<Unit filename="../tile.cpp" />
		<Unit filename="../tile.h" />
		<Unit filename="../unix/Makefile.in" />
		<Unit filename="../unix/config.guess" />
		<Unit filename="../unix/config.sub" />
		<Unit filename="../unix/configure.ac" />
		<Unit filename="../unix/docs/readme_unix.html" />
		<Unit filename="../unix/install-sh" />
		<Unit filename="../unix/unix.cpp" />
		<Unit filename="../unix/x11.cpp" />
		<Unit filename="../unzip/crypt.h" />
		<Unit filename="../unzip/ioapi.c">
			<Option compilerVar="CC" />
		</Unit>
		<Unit filename="../unzip/ioapi.h" />
		<Unit filename="../unzip/iowin32.c">
			<Option compilerVar="CC" />
		</Unit>
		<Unit filename="../unzip/iowin32.h" />
		<Unit filename="../unzip/miniunz.c">
			<Option compilerVar="CC" />
		</Unit>
		<Unit filename="../unzip/minizip.c">
			<Option compilerVar="CC" />
		</Unit>
		<Unit filename="../unzip/mztools.c">
			<Option compilerVar="CC" />
		</Unit>
		<Unit filename="../unzip/mztools.h" />
		<Unit filename="../unzip/unzip.c">
			<Option compilerVar="CC" />
		</Unit>
		<Unit filename="../unzip/unzip.h" />
		<Unit filename="../unzip/zip.c">
			<Option compilerVar="CC" />
		</Unit>
		<Unit filename="../unzip/zip.h" />
		<Extensions>
			<code_completion />
			<envvars set="ps2dev" />
			<debugger />
		</Extensions>
	</Project>
</CodeBlocks_project_file>
